
Microsoft Visual Studio Solution File, Format Version 12.00
# Visual Studio Version 16
VisualStudioVersion = 16.0.30523.141
MinimumVisualStudioVersion = 10.0.40219.1
Project("{9A19103F-16F7-4668-BE54-9A1E7A4F7556}") = "Interview.Api", "Interview\Interview.Api.csproj", "{38DF6109-EC89-4DE8-9DCC-739D708605EE}"
EndProject
Project("{9A19103F-16F7-4668-BE54-9A1E7A4F7556}") = "Interview.DAL", "Interview.DAL\Interview.DAL.csproj", "{B14FB803-8FAE-42DA-A58A-DA9AC97DC56D}"
EndProject
Project("{9A19103F-16F7-4668-BE54-9A1E7A4F7556}") = "Interview.Entities", "Interview.Entities\Interview.Entities.csproj", "{2C377C72-F5F0-497F-932D-21D84FFEFF5D}"
EndProject
Project("{9A19103F-16F7-4668-BE54-9A1E7A4F7556}") = "Interview.Core", "Interview.Core\Interview.Core.csproj", "{4BEB7E87-725A-405B-B652-65F8BAE881BD}"
EndProject
Project("{FAE04EC0-301F-11D3-BF4B-00C04F79EFBC}") = "Interview.Business", "Interview.Business\Interview.Business.csproj", "{5DAB29EA-671D-4843-AB57-2CC43B1678BA}"
EndProject
Global
	GlobalSection(SolutionConfigurationPlatforms) = preSolution
		Debug|Any CPU = Debug|Any CPU
		Release|Any CPU = Release|Any CPU
	EndGlobalSection
	GlobalSection(ProjectConfigurationPlatforms) = postSolution
		{38DF6109-EC89-4DE8-9DCC-739D708605EE}.Debug|Any CPU.ActiveCfg = Debug|Any CPU
		{38DF6109-EC89-4DE8-9DCC-739D708605EE}.Debug|Any CPU.Build.0 = Debug|Any CPU
		{38DF6109-EC89-4DE8-9DCC-739D708605EE}.Release|Any CPU.ActiveCfg = Release|Any CPU
		{38DF6109-EC89-4DE8-9DCC-739D708605EE}.Release|Any CPU.Build.0 = Release|Any CPU
		{B14FB803-8FAE-42DA-A58A-DA9AC97DC56D}.Debug|Any CPU.ActiveCfg = Debug|Any CPU
		{B14FB803-8FAE-42DA-A58A-DA9AC97DC56D}.Debug|Any CPU.Build.0 = Debug|Any CPU
		{B14FB803-8FAE-42DA-A58A-DA9AC97DC56D}.Release|Any CPU.ActiveCfg = Release|Any CPU
		{B14FB803-8FAE-42DA-A58A-DA9AC97DC56D}.Release|Any CPU.Build.0 = Release|Any CPU
		{2C377C72-F5F0-497F-932D-21D84FFEFF5D}.Debug|Any CPU.ActiveCfg = Debug|Any CPU
		{2C377C72-F5F0-497F-932D-21D84FFEFF5D}.Debug|Any CPU.Build.0 = Debug|Any CPU
		{2C377C72-F5F0-497F-932D-21D84FFEFF5D}.Release|Any CPU.ActiveCfg = Release|Any CPU
		{2C377C72-F5F0-497F-932D-21D84FFEFF5D}.Release|Any CPU.Build.0 = Release|Any CPU
		{4BEB7E87-725A-405B-B652-65F8BAE881BD}.Debug|Any CPU.ActiveCfg = Debug|Any CPU
		{4BEB7E87-725A-405B-B652-65F8BAE881BD}.Debug|Any CPU.Build.0 = Debug|Any CPU
		{4BEB7E87-725A-405B-B652-65F8BAE881BD}.Release|Any CPU.ActiveCfg = Release|Any CPU
		{4BEB7E87-725A-405B-B652-65F8BAE881BD}.Release|Any CPU.Build.0 = Release|Any CPU
		{5DAB29EA-671D-4843-AB57-2CC43B1678BA}.Debug|Any CPU.ActiveCfg = Debug|Any CPU
		{5DAB29EA-671D-4843-AB57-2CC43B1678BA}.Debug|Any CPU.Build.0 = Debug|Any CPU
		{5DAB29EA-671D-4843-AB57-2CC43B1678BA}.Release|Any CPU.ActiveCfg = Release|Any CPU
		{5DAB29EA-671D-4843-AB57-2CC43B1678BA}.Release|Any CPU.Build.0 = Release|Any CPU
	EndGlobalSection
	GlobalSection(SolutionProperties) = preSolution
		HideSolutionNode = FALSE
	EndGlobalSection
	GlobalSection(ExtensibilityGlobals) = postSolution
		SolutionGuid = {8B6F9135-D351-44A3-8B31-EFA56EF7A48D}
	EndGlobalSection
EndGlobal
